// !$*UTF8*$!
{
	archiveVersion = 1;
	classes = {
	};
	objectVersion = 46;
	objects = {

/* Begin PBXBuildFile section */
		36FD62FD1B36CD2400D75EB4 /* AppDelegate.swift in Sources */ = {isa = PBXBuildFile; fileRef = 36FD62FC1B36CD2400D75EB4 /* AppDelegate.swift */; };
		36FD62FF1B36CD2400D75EB4 /* RootViewController.swift in Sources */ = {isa = PBXBuildFile; fileRef = 36FD62FE1B36CD2400D75EB4 /* RootViewController.swift */; };
		36FD63011B36CD2400D75EB4 /* DataViewController.swift in Sources */ = {isa = PBXBuildFile; fileRef = 36FD63001B36CD2400D75EB4 /* DataViewController.swift */; };
		36FD63031B36CD2400D75EB4 /* ModelController.swift in Sources */ = {isa = PBXBuildFile; fileRef = 36FD63021B36CD2400D75EB4 /* ModelController.swift */; };
		36FD63061B36CD2400D75EB4 /* Main.storyboard in Resources */ = {isa = PBXBuildFile; fileRef = 36FD63041B36CD2400D75EB4 /* Main.storyboard */; };
		36FD63081B36CD2400D75EB4 /* Images.xcassets in Resources */ = {isa = PBXBuildFile; fileRef = 36FD63071B36CD2400D75EB4 /* Images.xcassets */; };
		36FD630B1B36CD2400D75EB4 /* LaunchScreen.xib in Resources */ = {isa = PBXBuildFile; fileRef = 36FD63091B36CD2400D75EB4 /* LaunchScreen.xib */; };
		36FD63171B36CD2400D75EB4 /* NewsPagesTests.swift in Sources */ = {isa = PBXBuildFile; fileRef = 36FD63161B36CD2400D75EB4 /* NewsPagesTests.swift */; };
		36FD63221B36D21000D75EB4 /* News.swift in Sources */ = {isa = PBXBuildFile; fileRef = 36FD63211B36D21000D75EB4 /* News.swift */; };
		36FD63251B36DE8D00D75EB4 /* news.json in Resources */ = {isa = PBXBuildFile; fileRef = 36FD63231B36DE8D00D75EB4 /* news.json */; };
		36FD63261B36DE8D00D75EB4 /* top.json in Resources */ = {isa = PBXBuildFile; fileRef = 36FD63241B36DE8D00D75EB4 /* top.json */; };
/* End PBXBuildFile section */

/* Begin PBXContainerItemProxy section */
		36FD63111B36CD2400D75EB4 /* PBXContainerItemProxy */ = {
			isa = PBXContainerItemProxy;
			containerPortal = 36FD62EF1B36CD2400D75EB4 /* Project object */;
			proxyType = 1;
			remoteGlobalIDString = 36FD62F61B36CD2400D75EB4;
			remoteInfo = NewsPages;
		};
/* End PBXContainerItemProxy section */

/* Begin PBXFileReference section */
		36FD62F71B36CD2400D75EB4 /* NewsPages.app */ = {isa = PBXFileReference; explicitFileType = wrapper.application; includeInIndex = 0; path = NewsPages.app; sourceTree = BUILT_PRODUCTS_DIR; };
		36FD62FB1B36CD2400D75EB4 /* Info.plist */ = {isa = PBXFileReference; lastKnownFileType = text.plist.xml; path = Info.plist; sourceTree = "<group>"; };
		36FD62FC1B36CD2400D75EB4 /* AppDelegate.swift */ = {isa = PBXFileReference; lastKnownFileType = sourcecode.swift; path = AppDelegate.swift; sourceTree = "<group>"; };
		36FD62FE1B36CD2400D75EB4 /* RootViewController.swift */ = {isa = PBXFileReference; lastKnownFileType = sourcecode.swift; path = RootViewController.swift; sourceTree = "<group>"; };
		36FD63001B36CD2400D75EB4 /* DataViewController.swift */ = {isa = PBXFileReference; lastKnownFileType = sourcecode.swift; path = DataViewController.swift; sourceTree = "<group>"; };
		36FD63021B36CD2400D75EB4 /* ModelController.swift */ = {isa = PBXFileReference; lastKnownFileType = sourcecode.swift; path = ModelController.swift; sourceTree = "<group>"; };
		36FD63051B36CD2400D75EB4 /* Base */ = {isa = PBXFileReference; lastKnownFileType = file.storyboard; name = Base; path = Base.lproj/Main.storyboard; sourceTree = "<group>"; };
		36FD63071B36CD2400D75EB4 /* Images.xcassets */ = {isa = PBXFileReference; lastKnownFileType = folder.assetcatalog; path = Images.xcassets; sourceTree = "<group>"; };
		36FD630A1B36CD2400D75EB4 /* Base */ = {isa = PBXFileReference; lastKnownFileType = file.xib; name = Base; path = Base.lproj/LaunchScreen.xib; sourceTree = "<group>"; };
		36FD63101B36CD2400D75EB4 /* NewsPagesTests.xctest */ = {isa = PBXFileReference; explicitFileType = wrapper.cfbundle; includeInIndex = 0; path = NewsPagesTests.xctest; sourceTree = BUILT_PRODUCTS_DIR; };
		36FD63151B36CD2400D75EB4 /* Info.plist */ = {isa = PBXFileReference; lastKnownFileType = text.plist.xml; path = Info.plist; sourceTree = "<group>"; };
		36FD63161B36CD2400D75EB4 /* NewsPagesTests.swift */ = {isa = PBXFileReference; lastKnownFileType = sourcecode.swift; path = NewsPagesTests.swift; sourceTree = "<group>"; };
		36FD63211B36D21000D75EB4 /* News.swift */ = {isa = PBXFileReference; fileEncoding = 4; lastKnownFileType = sourcecode.swift; path = News.swift; sourceTree = "<group>"; };
		36FD63231B36DE8D00D75EB4 /* news.json */ = {isa = PBXFileReference; fileEncoding = 4; lastKnownFileType = text.json; path = news.json; sourceTree = "<group>"; };
		36FD63241B36DE8D00D75EB4 /* top.json */ = {isa = PBXFileReference; fileEncoding = 4; lastKnownFileType = text.json; path = top.json; sourceTree = "<group>"; };
/* End PBXFileReference section */

/* Begin PBXFrameworksBuildPhase section */
		36FD62F41B36CD2400D75EB4 /* Frameworks */ = {
			isa = PBXFrameworksBuildPhase;
			buildActionMask = 2147483647;
			files = (
			);
			runOnlyForDeploymentPostprocessing = 0;
		};
		36FD630D1B36CD2400D75EB4 /* Frameworks */ = {
			isa = PBXFrameworksBuildPhase;
			buildActionMask = 2147483647;
			files = (
			);
			runOnlyForDeploymentPostprocessing = 0;
		};
/* End PBXFrameworksBuildPhase section */

/* Begin PBXGroup section */
		36FD62EE1B36CD2400D75EB4 = {
			isa = PBXGroup;
			children = (
				36FD62F91B36CD2400D75EB4 /* NewsPages */,
				36FD63131B36CD2400D75EB4 /* NewsPagesTests */,
				36FD62F81B36CD2400D75EB4 /* Products */,
			);
			sourceTree = "<group>";
			usesTabs = 1;
		};
		36FD62F81B36CD2400D75EB4 /* Products */ = {
			isa = PBXGroup;
			children = (
				36FD62F71B36CD2400D75EB4 /* NewsPages.app */,
				36FD63101B36CD2400D75EB4 /* NewsPagesTests.xctest */,
			);
			name = Products;
			sourceTree = "<group>";
		};
		36FD62F91B36CD2400D75EB4 /* NewsPages */ = {
			isa = PBXGroup;
			children = (
				36FD63231B36DE8D00D75EB4 /* news.json */,
				36FD63241B36DE8D00D75EB4 /* top.json */,
				36FD62FC1B36CD2400D75EB4 /* AppDelegate.swift */,
				36FD62FE1B36CD2400D75EB4 /* RootViewController.swift */,
				36FD63001B36CD2400D75EB4 /* DataViewController.swift */,
				36FD63021B36CD2400D75EB4 /* ModelController.swift */,
				36FD63041B36CD2400D75EB4 /* Main.storyboard */,
				36FD63071B36CD2400D75EB4 /* Images.xcassets */,
				36FD63091B36CD2400D75EB4 /* LaunchScreen.xib */,
				36FD62FA1B36CD2400D75EB4 /* Supporting Files */,
				36FD63211B36D21000D75EB4 /* News.swift */,
			);
			path = NewsPages;
			sourceTree = "<group>";
		};
		36FD62FA1B36CD2400D75EB4 /* Supporting Files */ = {
			isa = PBXGroup;
			children = (
				36FD62FB1B36CD2400D75EB4 /* Info.plist */,
			);
			name = "Supporting Files";
			sourceTree = "<group>";
		};
		36FD63131B36CD2400D75EB4 /* NewsPagesTests */ = {
			isa = PBXGroup;
			children = (
				36FD63161B36CD2400D75EB4 /* NewsPagesTests.swift */,
				36FD63141B36CD2400D75EB4 /* Supporting Files */,
			);
			path = NewsPagesTests;
			sourceTree = "<group>";
		};
		36FD63141B36CD2400D75EB4 /* Supporting Files */ = {
			isa = PBXGroup;
			children = (
				36FD63151B36CD2400D75EB4 /* Info.plist */,
			);
			name = "Supporting Files";
			sourceTree = "<group>";
		};
/* End PBXGroup section */

/* Begin PBXNativeTarget section */
		36FD62F61B36CD2400D75EB4 /* NewsPages */ = {
			isa = PBXNativeTarget;
			buildConfigurationList = 36FD631A1B36CD2400D75EB4 /* Build configuration list for PBXNativeTarget "NewsPages" */;
			buildPhases = (
				36FD62F31B36CD2400D75EB4 /* Sources */,
				36FD62F41B36CD2400D75EB4 /* Frameworks */,
				36FD62F51B36CD2400D75EB4 /* Resources */,
			);
			buildRules = (
			);
			dependencies = (
			);
			name = NewsPages;
			productName = NewsPages;
			productReference = 36FD62F71B36CD2400D75EB4 /* NewsPages.app */;
			productType = "com.apple.product-type.application";
		};
		36FD630F1B36CD2400D75EB4 /* NewsPagesTests */ = {
			isa = PBXNativeTarget;
			buildConfigurationList = 36FD631D1B36CD2400D75EB4 /* Build configuration list for PBXNativeTarget "NewsPagesTests" */;
			buildPhases = (
				36FD630C1B36CD2400D75EB4 /* Sources */,
				36FD630D1B36CD2400D75EB4 /* Frameworks */,
				36FD630E1B36CD2400D75EB4 /* Resources */,
			);
			buildRules = (
			);
			dependencies = (
				36FD63121B36CD2400D75EB4 /* PBXTargetDependency */,
			);
			name = NewsPagesTests;
			productName = NewsPagesTests;
			productReference = 36FD63101B36CD2400D75EB4 /* NewsPagesTests.xctest */;
			productType = "com.apple.product-type.bundle.unit-test";
		};
/* End PBXNativeTarget section */

/* Begin PBXProject section */
		36FD62EF1B36CD2400D75EB4 /* Project object */ = {
			isa = PBXProject;
			attributes = {
				LastUpgradeCheck = 0630;
				ORGANIZATIONNAME = "Rule of tech";
				TargetAttributes = {
					36FD62F61B36CD2400D75EB4 = {
						CreatedOnToolsVersion = 6.3.2;
					};
					36FD630F1B36CD2400D75EB4 = {
						CreatedOnToolsVersion = 6.3.2;
						TestTargetID = 36FD62F61B36CD2400D75EB4;
					};
				};
			};
			buildConfigurationList = 36FD62F21B36CD2400D75EB4 /* Build configuration list for PBXProject "NewsPages" */;
			compatibilityVersion = "Xcode 3.2";
			developmentRegion = English;
			hasScannedForEncodings = 0;
			knownRegions = (
				en,
				Base,
			);
			mainGroup = 36FD62EE1B36CD2400D75EB4;
			productRefGroup = 36FD62F81B36CD2400D75EB4 /* Products */;
			projectDirPath = "";
			projectRoot = "";
			targets = (
				36FD62F61B36CD2400D75EB4 /* NewsPages */,
				36FD630F1B36CD2400D75EB4 /* NewsPagesTests */,
			);
		};
/* End PBXProject section */

/* Begin PBXResourcesBuildPhase section */
		36FD62F51B36CD2400D75EB4 /* Resources */ = {
			isa = PBXResourcesBuildPhase;
			buildActionMask = 2147483647;
			files = (
				36FD63061B36CD2400D75EB4 /* Main.storyboard in Resources */,
				36FD630B1B36CD2400D75EB4 /* LaunchScreen.xib in Resources */,
				36FD63251B36DE8D00D75EB4 /* news.json in Resources */,
				36FD63261B36DE8D00D75EB4 /* top.json in Resources */,
				36FD63081B36CD2400D75EB4 /* Images.xcassets in Resources */,
			);
			runOnlyForDeploymentPostprocessing = 0;
		};
		36FD630E1B36CD2400D75EB4 /* Resources */ = {
			isa = PBXResourcesBuildPhase;
			buildActionMask = 2147483647;
			files = (
			);
			runOnlyForDeploymentPostprocessing = 0;
		};
/* End PBXResourcesBuildPhase section */

/* Begin PBXSourcesBuildPhase section */
		36FD62F31B36CD2400D75EB4 /* Sources */ = {
			isa = PBXSourcesBuildPhase;
			buildActionMask = 2147483647;
			files = (
				36FD62FF1B36CD2400D75EB4 /* RootViewController.swift in Sources */,
				36FD63031B36CD2400D75EB4 /* ModelController.swift in Sources */,
				36FD63011B36CD2400D75EB4 /* DataViewController.swift in Sources */,
				36FD63221B36D21000D75EB4 /* News.swift in Sources */,
				36FD62FD1B36CD2400D75EB4 /* AppDelegate.swift in Sources */,
			);
			runOnlyForDeploymentPostprocessing = 0;
		};
		36FD630C1B36CD2400D75EB4 /* Sources */ = {
			isa = PBXSourcesBuildPhase;
			buildActionMask = 2147483647;
			files = (
				36FD63171B36CD2400D75EB4 /* NewsPagesTests.swift in Sources */,
			);
			runOnlyForDeploymentPostprocessing = 0;
		};
/* End PBXSourcesBuildPhase section */

/* Begin PBXTargetDependency section */
		36FD63121B36CD2400D75EB4 /* PBXTargetDependency */ = {
			isa = PBXTargetDependency;
			target = 36FD62F61B36CD2400D75EB4 /* NewsPages */;
			targetProxy = 36FD63111B36CD2400D75EB4 /* PBXContainerItemProxy */;
		};
/* End PBXTargetDependency section */

/* Begin PBXVariantGroup section */
		36FD63041B36CD2400D75EB4 /* Main.storyboard */ = {
			isa = PBXVariantGroup;
			children = (
				36FD63051B36CD2400D75EB4 /* Base */,
			);
			name = Main.storyboard;
			sourceTree = "<group>";
		};
		36FD63091B36CD2400D75EB4 /* LaunchScreen.xib */ = {
			isa = PBXVariantGroup;
			children = (
				36FD630A1B36CD2400D75EB4 /* Base */,
			);
			name = LaunchScreen.xib;
			sourceTree = "<group>";
		};
/* End PBXVariantGroup section */

/* Begin XCBuildConfiguration section */
		36FD63181B36CD2400D75EB4 /* Debug */ = {
			isa = XCBuildConfiguration;
			buildSettings = {
				ALWAYS_SEARCH_USER_PATHS = NO;
				CLANG_CXX_LANGUAGE_STANDARD = "gnu++0x";
				CLANG_CXX_LIBRARY = "libc++";
				CLANG_ENABLE_MODULES = YES;
				CLANG_ENABLE_OBJC_ARC = YES;
				CLANG_WARN_BOOL_CONVERSION = YES;
				CLANG_WARN_CONSTANT_CONVERSION = YES;
				CLANG_WARN_DIRECT_OBJC_ISA_USAGE = YES_ERROR;
				CLANG_WARN_EMPTY_BODY = YES;
				CLANG_WARN_ENUM_CONVERSION = YES;
				CLANG_WARN_INT_CONVERSION = YES;
				CLANG_WARN_OBJC_ROOT_CLASS = YES_ERROR;
				CLANG_WARN_UNREACHABLE_CODE = YES;
				CLANG_WARN__DUPLICATE_METHOD_MATCH = YES;
				"CODE_SIGN_IDENTITY[sdk=iphoneos*]" = "iPhone Developer";
				COPY_PHASE_STRIP = NO;
				DEBUG_INFORMATION_FORMAT = "dwarf-with-dsym";
				ENABLE_STRICT_OBJC_MSGSEND = YES;
				GCC_C_LANGUAGE_STANDARD = gnu99;
				GCC_DYNAMIC_NO_PIC = NO;
				GCC_NO_COMMON_BLOCKS = YES;
				GCC_OPTIMIZATION_LEVEL = 0;
				GCC_PREPROCESSOR_DEFINITIONS = (
					"DEBUG=1",
					"$(inherited)",
				);
				GCC_SYMBOLS_PRIVATE_EXTERN = NO;
				GCC_WARN_64_TO_32_BIT_CONVERSION = YES;
				GCC_WARN_ABOUT_RETURN_TYPE = YES_ERROR;
				GCC_WARN_UNDECLARED_SELECTOR = YES;
				GCC_WARN_UNINITIALIZED_AUTOS = YES_AGGRESSIVE;
				GCC_WARN_UNUSED_FUNCTION = YES;
				GCC_WARN_UNUSED_VARIABLE = YES;
				IPHONEOS_DEPLOYMENT_TARGET = 8.3;
				MTL_ENABLE_DEBUG_INFO = YES;
				ONLY_ACTIVE_ARCH = YES;
				SDKROOT = iphoneos;
				SWIFT_OPTIMIZATION_LEVEL = "-Onone";
				TARGETED_DEVICE_FAMILY = "1,2";
			};
			name = Debug;
		};
		36FD63191B36CD2400D75EB4 /* Release */ = {
			isa = XCBuildConfiguration;
			buildSettings = {
				ALWAYS_SEARCH_USER_PATHS = NO;
				CLANG_CXX_LANGUAGE_STANDARD = "gnu++0x";
				CLANG_CXX_LIBRARY = "libc++";
				CLANG_ENABLE_MODULES = YES;
				CLANG_ENABLE_OBJC_ARC = YES;
				CLANG_WARN_BOOL_CONVERSION = YES;
				CLANG_WARN_CONSTANT_CONVERSION = YES;
				CLANG_WARN_DIRECT_OBJC_ISA_USAGE = YES_ERROR;
				CLANG_WARN_EMPTY_BODY = YES;
				CLANG_WARN_ENUM_CONVERSION = YES;
				CLANG_WARN_INT_CONVERSION = YES;
				CLANG_WARN_OBJC_ROOT_CLASS = YES_ERROR;
				CLANG_WARN_UNREACHABLE_CODE = YES;
				CLANG_WARN__DUPLICATE_METHOD_MATCH = YES;
				"CODE_SIGN_IDENTITY[sdk=iphoneos*]" = "iPhone Developer";
				COPY_PHASE_STRIP = NO;
				DEBUG_INFORMATION_FORMAT = "dwarf-with-dsym";
				ENABLE_NS_ASSERTIONS = NO;
				ENABLE_STRICT_OBJC_MSGSEND = YES;
				GCC_C_LANGUAGE_STANDARD = gnu99;
				GCC_NO_COMMON_BLOCKS = YES;
				GCC_WARN_64_TO_32_BIT_CONVERSION = YES;
				GCC_WARN_ABOUT_RETURN_TYPE = YES_ERROR;
				GCC_WARN_UNDECLARED_SELECTOR = YES;
				GCC_WARN_UNINITIALIZED_AUTOS = YES_AGGRESSIVE;
				GCC_WARN_UNUSED_FUNCTION = YES;
				GCC_WARN_UNUSED_VARIABLE = YES;
				IPHONEOS_DEPLOYMENT_TARGET = 8.3;
				MTL_ENABLE_DEBUG_INFO = NO;
				SDKROOT = iphoneos;
				TARGETED_DEVICE_FAMILY = "1,2";
				VALIDATE_PRODUCT = YES;
			};
			name = Release;
		};
		36FD631B1B36CD2400D75EB4 /* Debug */ = {
			isa = XCBuildConfiguration;
			buildSettings = {
				ASSETCATALOG_COMPILER_APPICON_NAME = AppIcon;
				INFOPLIST_FILE = NewsPages/Info.plist;
				IPHONEOS_DEPLOYMENT_TARGET = 8.0;
				LD_RUNPATH_SEARCH_PATHS = "$(inherited) @executable_path/Frameworks";
				PRODUCT_NAME = "$(TARGET_NAME)";
			};
			name = Debug;
		};
		36FD631C1B36CD2400D75EB4 /* Release */ = {
			isa = XCBuildConfiguration;
			buildSettings = {
				ASSETCATALOG_COMPILER_APPICON_NAME = AppIcon;
				INFOPLIST_FILE = NewsPages/Info.plist;
				IPHONEOS_DEPLOYMENT_TARGET = 8.0;
				LD_RUNPATH_SEARCH_PATHS = "$(inherited) @executable_path/Frameworks";
				PRODUCT_NAME = "$(TARGET_NAME)";
			};
			name = Release;
		};
		36FD631E1B36CD2400D75EB4 /* Debug */ = {
			isa = XCBuildConfiguration;
			buildSettings = {
				BUNDLE_LOADER = "$(TEST_HOST)";
				FRAMEWORK_SEARCH_PATHS = (
					"$(SDKROOT)/Developer/Library/Frameworks",
					"$(inherited)",
				);
				GCC_PREPROCESSOR_DEFINITIONS = (
					"DEBUG=1",
					"$(inherited)",
				);
				INFOPLIST_FILE = NewsPagesTests/Info.plist;
				LD_RUNPATH_SEARCH_PATHS = "$(inherited) @executable_path/Frameworks @loader_path/Frameworks";
				PRODUCT_NAME = "$(TARGET_NAME)";
				TEST_HOST = "$(BUILT_PRODUCTS_DIR)/NewsPages.app/NewsPages";
			};
			name = Debug;
		};
		36FD631F1B36CD2400D75EB4 /* Release */ = {
			isa = XCBuildConfiguration;
			buildSettings = {
				BUNDLE_LOADER = "$(TEST_HOST)";
				FRAMEWORK_SEARCH_PATHS = (
					"$(SDKROOT)/Developer/Library/Frameworks",
					"$(inherited)",
				);
				INFOPLIST_FILE = NewsPagesTests/Info.plist;
				LD_RUNPATH_SEARCH_PATHS = "$(inherited) @executable_path/Frameworks @loader_path/Frameworks";
				PRODUCT_NAME = "$(TARGET_NAME)";
				TEST_HOST = "$(BUILT_PRODUCTS_DIR)/NewsPages.app/NewsPages";
			};
			name = Release;
		};
/* End XCBuildConfiguration section */

/* Begin XCConfigurationList section */
		36FD62F21B36CD2400D75EB4 /* Build configuration list for PBXProject "NewsPages" */ = {
			isa = XCConfigurationList;
			buildConfigurations = (
				36FD63181B36CD2400D75EB4 /* Debug */,
				36FD63191B36CD2400D75EB4 /* Release */,
			);
			defaultConfigurationIsVisible = 0;
			defaultConfigurationName = Release;
		};
		36FD631A1B36CD2400D75EB4 /* Build configuration list for PBXNativeTarget "NewsPages" */ = {
			isa = XCConfigurationList;
			buildConfigurations = (
				36FD631B1B36CD2400D75EB4 /* Debug */,
				36FD631C1B36CD2400D75EB4 /* Release */,
			);
			defaultConfigurationIsVisible = 0;
		};
		36FD631D1B36CD2400D75EB4 /* Build configuration list for PBXNativeTarget "NewsPagesTests" */ = {
			isa = XCConfigurationList;
			buildConfigurations = (
				36FD631E1B36CD2400D75EB4 /* Debug */,
				36FD631F1B36CD2400D75EB4 /* Release */,
			);
			defaultConfigurationIsVisible = 0;
		};
/* End XCConfigurationList section */
	};
	rootObject = 36FD62EF1B36CD2400D75EB4 /* Project object */;
}
